
Microsoft Visual Studio Solution File, Format Version 12.00
# Visual Studio 2012
Project("{8BC9CEB8-8B4A-11D0-8D11-00A0C91BC942}") = "Snake test version", "Snake test version\Snake test version.vcxproj", "{82240E80-5777-4D13-8A16-6C4AD9D65250}"
EndProject
Global
	GlobalSection(SolutionConfigurationPlatforms) = preSolution
		Debug|Win32 = Debug|Win32
		Release|Win32 = Release|Win32
	EndGlobalSection
	GlobalSection(ProjectConfigurationPlatforms) = postSolution
		{82240E80-5777-4D13-8A16-6C4AD9D65250}.Debug|Win32.ActiveCfg = Debug|Win32
		{82240E80-5777-4D13-8A16-6C4AD9D65250}.Debug|Win32.Build.0 = Debug|Win32
		{82240E80-5777-4D13-8A16-6C4AD9D65250}.Release|Win32.ActiveCfg = Release|Win32
		{82240E80-5777-4D13-8A16-6C4AD9D65250}.Release|Win32.Build.0 = Release|Win32
	EndGlobalSection
	GlobalSection(SolutionProperties) = preSolution
		HideSolutionNode = FALSE
	EndGlobalSection
EndGlobal
